// !$*UTF8*$!
{
	archiveVersion = 1;
	classes = {
	};
	objectVersion = 56;
	objects = {

/* Begin PBXBuildFile section */
		E76709AB29CA5A390007F630 /* PokemonDetailScreenViewModel.swift in Sources */ = {isa = PBXBuildFile; fileRef = E76709AA29CA5A390007F630 /* PokemonDetailScreenViewModel.swift */; };
		E76709B129CA89CC0007F630 /* AboutUIView.swift in Sources */ = {isa = PBXBuildFile; fileRef = E76709B029CA89CC0007F630 /* AboutUIView.swift */; };
		E7A34AE429C8885100FE698C /* AppDelegate.swift in Sources */ = {isa = PBXBuildFile; fileRef = E7A34AE329C8885100FE698C /* AppDelegate.swift */; };
		E7A34AE629C8885100FE698C /* SceneDelegate.swift in Sources */ = {isa = PBXBuildFile; fileRef = E7A34AE529C8885100FE698C /* SceneDelegate.swift */; };
		E7A34AE829C8885100FE698C /* HomeScreen.swift in Sources */ = {isa = PBXBuildFile; fileRef = E7A34AE729C8885100FE698C /* HomeScreen.swift */; };
		E7A34AED29C8885300FE698C /* Assets.xcassets in Resources */ = {isa = PBXBuildFile; fileRef = E7A34AEC29C8885300FE698C /* Assets.xcassets */; };
		E7A34AF029C8885300FE698C /* LaunchScreen.storyboard in Resources */ = {isa = PBXBuildFile; fileRef = E7A34AEE29C8885300FE698C /* LaunchScreen.storyboard */; };
		E7A34AFD29C889D300FE698C /* NetworkManager.swift in Sources */ = {isa = PBXBuildFile; fileRef = E7A34AFC29C889D300FE698C /* NetworkManager.swift */; };
		E7A34B0029C889FA00FE698C /* PokemonService.swift in Sources */ = {isa = PBXBuildFile; fileRef = E7A34AFF29C889FA00FE698C /* PokemonService.swift */; };
		E7A34B0229C8911D00FE698C /* APIURLs.swift in Sources */ = {isa = PBXBuildFile; fileRef = E7A34B0129C8911D00FE698C /* APIURLs.swift */; };
		E7A34B0429C8916D00FE698C /* Pokemon.swift in Sources */ = {isa = PBXBuildFile; fileRef = E7A34B0329C8916D00FE698C /* Pokemon.swift */; };
		E7A34B0629C8997200FE698C /* HomeScreenViewModel.swift in Sources */ = {isa = PBXBuildFile; fileRef = E7A34B0529C8997200FE698C /* HomeScreenViewModel.swift */; };
		E7A34B0829C89BCC00FE698C /* PokemonCollectionView.swift in Sources */ = {isa = PBXBuildFile; fileRef = E7A34B0729C89BCC00FE698C /* PokemonCollectionView.swift */; };
		E7A34B0A29C89D3800FE698C /* PokemonCollectionViewModel.swift in Sources */ = {isa = PBXBuildFile; fileRef = E7A34B0929C89D3800FE698C /* PokemonCollectionViewModel.swift */; };
		E7A34B0C29C89FFF00FE698C /* PokemonCollectionViewCell.swift in Sources */ = {isa = PBXBuildFile; fileRef = E7A34B0B29C89FFF00FE698C /* PokemonCollectionViewCell.swift */; };
		E7A34B0E29C8A0F800FE698C /* EXT+UIVIEW.swift in Sources */ = {isa = PBXBuildFile; fileRef = E7A34B0D29C8A0F800FE698C /* EXT+UIVIEW.swift */; };
		E7A34B1229C8C11C00FE698C /* PokemonInfo.swift in Sources */ = {isa = PBXBuildFile; fileRef = E7A34B1129C8C11C00FE698C /* PokemonInfo.swift */; };
		E7A34B1529C8E61800FE698C /* SVGKit in Frameworks */ = {isa = PBXBuildFile; productRef = E7A34B1429C8E61800FE698C /* SVGKit */; };
		E7A34B1729C8E61800FE698C /* SVGKitSwift in Frameworks */ = {isa = PBXBuildFile; productRef = E7A34B1629C8E61800FE698C /* SVGKitSwift */; };
		E7A34B1B29C90BF400FE698C /* Pokemon-Species.swift in Sources */ = {isa = PBXBuildFile; fileRef = E7A34B1A29C90BF400FE698C /* Pokemon-Species.swift */; };
		E7A34B1D29C90FDE00FE698C /* ConvertColorFromString.swift in Sources */ = {isa = PBXBuildFile; fileRef = E7A34B1C29C90FDE00FE698C /* ConvertColorFromString.swift */; };
		E7A34B2029C9272100FE698C /* PokemonDetailScreen.swift in Sources */ = {isa = PBXBuildFile; fileRef = E7A34B1F29C9272100FE698C /* PokemonDetailScreen.swift */; };
		E7B8F55B29CBB428009CEA84 /* JGProgressHUD in Frameworks */ = {isa = PBXBuildFile; productRef = E7B8F55A29CBB428009CEA84 /* JGProgressHUD */; };
/* End PBXBuildFile section */

/* Begin PBXFileReference section */
		E76709AA29CA5A390007F630 /* PokemonDetailScreenViewModel.swift */ = {isa = PBXFileReference; lastKnownFileType = sourcecode.swift; path = PokemonDetailScreenViewModel.swift; sourceTree = "<group>"; };
		E76709B029CA89CC0007F630 /* AboutUIView.swift */ = {isa = PBXFileReference; lastKnownFileType = sourcecode.swift; path = AboutUIView.swift; sourceTree = "<group>"; };
		E7A34AE029C8885100FE698C /* Pokemon-App.app */ = {isa = PBXFileReference; explicitFileType = wrapper.application; includeInIndex = 0; path = "Pokemon-App.app"; sourceTree = BUILT_PRODUCTS_DIR; };
		E7A34AE329C8885100FE698C /* AppDelegate.swift */ = {isa = PBXFileReference; lastKnownFileType = sourcecode.swift; path = AppDelegate.swift; sourceTree = "<group>"; };
		E7A34AE529C8885100FE698C /* SceneDelegate.swift */ = {isa = PBXFileReference; lastKnownFileType = sourcecode.swift; path = SceneDelegate.swift; sourceTree = "<group>"; };
		E7A34AE729C8885100FE698C /* HomeScreen.swift */ = {isa = PBXFileReference; lastKnownFileType = sourcecode.swift; path = HomeScreen.swift; sourceTree = "<group>"; };
		E7A34AEC29C8885300FE698C /* Assets.xcassets */ = {isa = PBXFileReference; lastKnownFileType = folder.assetcatalog; path = Assets.xcassets; sourceTree = "<group>"; };
		E7A34AEF29C8885300FE698C /* Base */ = {isa = PBXFileReference; lastKnownFileType = file.storyboard; name = Base; path = Base.lproj/LaunchScreen.storyboard; sourceTree = "<group>"; };
		E7A34AF129C8885300FE698C /* Info.plist */ = {isa = PBXFileReference; lastKnownFileType = text.plist.xml; path = Info.plist; sourceTree = "<group>"; };
		E7A34AFC29C889D300FE698C /* NetworkManager.swift */ = {isa = PBXFileReference; lastKnownFileType = sourcecode.swift; path = NetworkManager.swift; sourceTree = "<group>"; };
		E7A34AFF29C889FA00FE698C /* PokemonService.swift */ = {isa = PBXFileReference; lastKnownFileType = sourcecode.swift; path = PokemonService.swift; sourceTree = "<group>"; };
		E7A34B0129C8911D00FE698C /* APIURLs.swift */ = {isa = PBXFileReference; lastKnownFileType = sourcecode.swift; path = APIURLs.swift; sourceTree = "<group>"; };
		E7A34B0329C8916D00FE698C /* Pokemon.swift */ = {isa = PBXFileReference; lastKnownFileType = sourcecode.swift; path = Pokemon.swift; sourceTree = "<group>"; };
		E7A34B0529C8997200FE698C /* HomeScreenViewModel.swift */ = {isa = PBXFileReference; lastKnownFileType = sourcecode.swift; path = HomeScreenViewModel.swift; sourceTree = "<group>"; };
		E7A34B0729C89BCC00FE698C /* PokemonCollectionView.swift */ = {isa = PBXFileReference; lastKnownFileType = sourcecode.swift; path = PokemonCollectionView.swift; sourceTree = "<group>"; };
		E7A34B0929C89D3800FE698C /* PokemonCollectionViewModel.swift */ = {isa = PBXFileReference; lastKnownFileType = sourcecode.swift; path = PokemonCollectionViewModel.swift; sourceTree = "<group>"; };
		E7A34B0B29C89FFF00FE698C /* PokemonCollectionViewCell.swift */ = {isa = PBXFileReference; lastKnownFileType = sourcecode.swift; path = PokemonCollectionViewCell.swift; sourceTree = "<group>"; };
		E7A34B0D29C8A0F800FE698C /* EXT+UIVIEW.swift */ = {isa = PBXFileReference; lastKnownFileType = sourcecode.swift; path = "EXT+UIVIEW.swift"; sourceTree = "<group>"; };
		E7A34B1129C8C11C00FE698C /* PokemonInfo.swift */ = {isa = PBXFileReference; lastKnownFileType = sourcecode.swift; path = PokemonInfo.swift; sourceTree = "<group>"; };
		E7A34B1A29C90BF400FE698C /* Pokemon-Species.swift */ = {isa = PBXFileReference; lastKnownFileType = sourcecode.swift; path = "Pokemon-Species.swift"; sourceTree = "<group>"; };
		E7A34B1C29C90FDE00FE698C /* ConvertColorFromString.swift */ = {isa = PBXFileReference; lastKnownFileType = sourcecode.swift; path = ConvertColorFromString.swift; sourceTree = "<group>"; };
		E7A34B1F29C9272100FE698C /* PokemonDetailScreen.swift */ = {isa = PBXFileReference; lastKnownFileType = sourcecode.swift; path = PokemonDetailScreen.swift; sourceTree = "<group>"; };
/* End PBXFileReference section */

/* Begin PBXFrameworksBuildPhase section */
		E7A34ADD29C8885100FE698C /* Frameworks */ = {
			isa = PBXFrameworksBuildPhase;
			buildActionMask = 2147483647;
			files = (
				E7A34B1729C8E61800FE698C /* SVGKitSwift in Frameworks */,
				E7B8F55B29CBB428009CEA84 /* JGProgressHUD in Frameworks */,
				E7A34B1529C8E61800FE698C /* SVGKit in Frameworks */,
			);
			runOnlyForDeploymentPostprocessing = 0;
		};
/* End PBXFrameworksBuildPhase section */

/* Begin PBXGroup section */
		E7A34AD729C8885100FE698C = {
			isa = PBXGroup;
			children = (
				E7A34AE229C8885100FE698C /* Pokemon-App */,
				E7A34AE129C8885100FE698C /* Products */,
			);
			sourceTree = "<group>";
		};
		E7A34AE129C8885100FE698C /* Products */ = {
			isa = PBXGroup;
			children = (
				E7A34AE029C8885100FE698C /* Pokemon-App.app */,
			);
			name = Products;
			sourceTree = "<group>";
		};
		E7A34AE229C8885100FE698C /* Pokemon-App */ = {
			isa = PBXGroup;
			children = (
				E7A34AFE29C889EF00FE698C /* Services */,
				E7A34AFA29C8887500FE698C /* Helpers */,
				E7A34AF929C8886F00FE698C /* Model */,
				E7A34AF829C8885E00FE698C /* Utilities */,
				E7A34AF729C8885700FE698C /* Core */,
				E7A34AE329C8885100FE698C /* AppDelegate.swift */,
				E7A34AE529C8885100FE698C /* SceneDelegate.swift */,
				E7A34AEC29C8885300FE698C /* Assets.xcassets */,
				E7A34AEE29C8885300FE698C /* LaunchScreen.storyboard */,
				E7A34AF129C8885300FE698C /* Info.plist */,
			);
			path = "Pokemon-App";
			sourceTree = "<group>";
		};
		E7A34AF729C8885700FE698C /* Core */ = {
			isa = PBXGroup;
			children = (
				E7A34B1E29C9270600FE698C /* PokemonDetailScreen */,
				E7A34AFB29C8887E00FE698C /* HomeSreen */,
			);
			path = Core;
			sourceTree = "<group>";
		};
		E7A34AF829C8885E00FE698C /* Utilities */ = {
			isa = PBXGroup;
			children = (
				E7A34AFC29C889D300FE698C /* NetworkManager.swift */,
			);
			path = Utilities;
			sourceTree = "<group>";
		};
		E7A34AF929C8886F00FE698C /* Model */ = {
			isa = PBXGroup;
			children = (
				E7A34B0329C8916D00FE698C /* Pokemon.swift */,
				E7A34B1129C8C11C00FE698C /* PokemonInfo.swift */,
				E7A34B1A29C90BF400FE698C /* Pokemon-Species.swift */,
			);
			path = Model;
			sourceTree = "<group>";
		};
		E7A34AFA29C8887500FE698C /* Helpers */ = {
			isa = PBXGroup;
			children = (
				E7A34B0129C8911D00FE698C /* APIURLs.swift */,
				E7A34B0D29C8A0F800FE698C /* EXT+UIVIEW.swift */,
				E7A34B1C29C90FDE00FE698C /* ConvertColorFromString.swift */,
			);
			path = Helpers;
			sourceTree = "<group>";
		};
		E7A34AFB29C8887E00FE698C /* HomeSreen */ = {
			isa = PBXGroup;
			children = (
				E7A34B1029C8A3CD00FE698C /* PokemonCollectionViewCell */,
				E7A34B0F29C8A3BB00FE698C /* PokemonCollectionView */,
				E7A34AE729C8885100FE698C /* HomeScreen.swift */,
				E7A34B0529C8997200FE698C /* HomeScreenViewModel.swift */,
			);
			path = HomeSreen;
			sourceTree = "<group>";
		};
		E7A34AFE29C889EF00FE698C /* Services */ = {
			isa = PBXGroup;
			children = (
				E7A34AFF29C889FA00FE698C /* PokemonService.swift */,
			);
			path = Services;
			sourceTree = "<group>";
		};
		E7A34B0F29C8A3BB00FE698C /* PokemonCollectionView */ = {
			isa = PBXGroup;
			children = (
				E7A34B0929C89D3800FE698C /* PokemonCollectionViewModel.swift */,
				E7A34B0729C89BCC00FE698C /* PokemonCollectionView.swift */,
			);
			path = PokemonCollectionView;
			sourceTree = "<group>";
		};
		E7A34B1029C8A3CD00FE698C /* PokemonCollectionViewCell */ = {
			isa = PBXGroup;
			children = (
				E7A34B0B29C89FFF00FE698C /* PokemonCollectionViewCell.swift */,
			);
			path = PokemonCollectionViewCell;
			sourceTree = "<group>";
		};
		E7A34B1E29C9270600FE698C /* PokemonDetailScreen */ = {
			isa = PBXGroup;
			children = (
				E7A34B1F29C9272100FE698C /* PokemonDetailScreen.swift */,
				E76709AA29CA5A390007F630 /* PokemonDetailScreenViewModel.swift */,
				E76709B029CA89CC0007F630 /* AboutUIView.swift */,
			);
			path = PokemonDetailScreen;
			sourceTree = "<group>";
		};
/* End PBXGroup section */

/* Begin PBXNativeTarget section */
		E7A34ADF29C8885100FE698C /* Pokemon-App */ = {
			isa = PBXNativeTarget;
			buildConfigurationList = E7A34AF429C8885300FE698C /* Build configuration list for PBXNativeTarget "Pokemon-App" */;
			buildPhases = (
				E7A34ADC29C8885100FE698C /* Sources */,
				E7A34ADD29C8885100FE698C /* Frameworks */,
				E7A34ADE29C8885100FE698C /* Resources */,
			);
			buildRules = (
			);
			dependencies = (
			);
			name = "Pokemon-App";
			packageProductDependencies = (
				E7A34B1429C8E61800FE698C /* SVGKit */,
				E7A34B1629C8E61800FE698C /* SVGKitSwift */,
				E7B8F55A29CBB428009CEA84 /* JGProgressHUD */,
			);
			productName = "Pokemon-App";
			productReference = E7A34AE029C8885100FE698C /* Pokemon-App.app */;
			productType = "com.apple.product-type.application";
		};
/* End PBXNativeTarget section */

/* Begin PBXProject section */
		E7A34AD829C8885100FE698C /* Project object */ = {
			isa = PBXProject;
			attributes = {
				BuildIndependentTargetsInParallel = 1;
				LastSwiftUpdateCheck = 1420;
				LastUpgradeCheck = 1420;
				TargetAttributes = {
					E7A34ADF29C8885100FE698C = {
						CreatedOnToolsVersion = 14.2;
					};
				};
			};
			buildConfigurationList = E7A34ADB29C8885100FE698C /* Build configuration list for PBXProject "Pokemon-App" */;
			compatibilityVersion = "Xcode 14.0";
			developmentRegion = en;
			hasScannedForEncodings = 0;
			knownRegions = (
				en,
				Base,
			);
			mainGroup = E7A34AD729C8885100FE698C;
			packageReferences = (
				E7A34B1329C8E61800FE698C /* XCRemoteSwiftPackageReference "SVGKit" */,
				E7B8F55929CBB428009CEA84 /* XCRemoteSwiftPackageReference "JGProgressHUD" */,
			);
			productRefGroup = E7A34AE129C8885100FE698C /* Products */;
			projectDirPath = "";
			projectRoot = "";
			targets = (
				E7A34ADF29C8885100FE698C /* Pokemon-App */,
			);
		};
/* End PBXProject section */

/* Begin PBXResourcesBuildPhase section */
		E7A34ADE29C8885100FE698C /* Resources */ = {
			isa = PBXResourcesBuildPhase;
			buildActionMask = 2147483647;
			files = (
				E7A34AF029C8885300FE698C /* LaunchScreen.storyboard in Resources */,
				E7A34AED29C8885300FE698C /* Assets.xcassets in Resources */,
			);
			runOnlyForDeploymentPostprocessing = 0;
		};
/* End PBXResourcesBuildPhase section */

/* Begin PBXSourcesBuildPhase section */
		E7A34ADC29C8885100FE698C /* Sources */ = {
			isa = PBXSourcesBuildPhase;
			buildActionMask = 2147483647;
			files = (
				E76709B129CA89CC0007F630 /* AboutUIView.swift in Sources */,
				E76709AB29CA5A390007F630 /* PokemonDetailScreenViewModel.swift in Sources */,
				E7A34B0E29C8A0F800FE698C /* EXT+UIVIEW.swift in Sources */,
				E7A34B0429C8916D00FE698C /* Pokemon.swift in Sources */,
				E7A34B1D29C90FDE00FE698C /* ConvertColorFromString.swift in Sources */,
				E7A34B0629C8997200FE698C /* HomeScreenViewModel.swift in Sources */,
				E7A34B0029C889FA00FE698C /* PokemonService.swift in Sources */,
				E7A34B0C29C89FFF00FE698C /* PokemonCollectionViewCell.swift in Sources */,
				E7A34AFD29C889D300FE698C /* NetworkManager.swift in Sources */,
				E7A34AE829C8885100FE698C /* HomeScreen.swift in Sources */,
				E7A34B1229C8C11C00FE698C /* PokemonInfo.swift in Sources */,
				E7A34AE429C8885100FE698C /* AppDelegate.swift in Sources */,
				E7A34B0829C89BCC00FE698C /* PokemonCollectionView.swift in Sources */,
				E7A34B1B29C90BF400FE698C /* Pokemon-Species.swift in Sources */,
				E7A34B2029C9272100FE698C /* PokemonDetailScreen.swift in Sources */,
				E7A34B0229C8911D00FE698C /* APIURLs.swift in Sources */,
				E7A34B0A29C89D3800FE698C /* PokemonCollectionViewModel.swift in Sources */,
				E7A34AE629C8885100FE698C /* SceneDelegate.swift in Sources */,
			);
			runOnlyForDeploymentPostprocessing = 0;
		};
/* End PBXSourcesBuildPhase section */

/* Begin PBXVariantGroup section */
		E7A34AEE29C8885300FE698C /* LaunchScreen.storyboard */ = {
			isa = PBXVariantGroup;
			children = (
				E7A34AEF29C8885300FE698C /* Base */,
			);
			name = LaunchScreen.storyboard;
			sourceTree = "<group>";
		};
/* End PBXVariantGroup section */

/* Begin XCBuildConfiguration section */
		E7A34AF229C8885300FE698C /* Debug */ = {
			isa = XCBuildConfiguration;
			buildSettings = {
				ALWAYS_SEARCH_USER_PATHS = NO;
				CLANG_ANALYZER_NONNULL = YES;
				CLANG_ANALYZER_NUMBER_OBJECT_CONVERSION = YES_AGGRESSIVE;
				CLANG_CXX_LANGUAGE_STANDARD = "gnu++20";
				CLANG_ENABLE_MODULES = YES;
				CLANG_ENABLE_OBJC_ARC = YES;
				CLANG_ENABLE_OBJC_WEAK = YES;
				CLANG_WARN_BLOCK_CAPTURE_AUTORELEASING = YES;
				CLANG_WARN_BOOL_CONVERSION = YES;
				CLANG_WARN_COMMA = YES;
				CLANG_WARN_CONSTANT_CONVERSION = YES;
				CLANG_WARN_DEPRECATED_OBJC_IMPLEMENTATIONS = YES;
				CLANG_WARN_DIRECT_OBJC_ISA_USAGE = YES_ERROR;
				CLANG_WARN_DOCUMENTATION_COMMENTS = YES;
				CLANG_WARN_EMPTY_BODY = YES;
				CLANG_WARN_ENUM_CONVERSION = YES;
				CLANG_WARN_INFINITE_RECURSION = YES;
				CLANG_WARN_INT_CONVERSION = YES;
				CLANG_WARN_NON_LITERAL_NULL_CONVERSION = YES;
				CLANG_WARN_OBJC_IMPLICIT_RETAIN_SELF = YES;
				CLANG_WARN_OBJC_LITERAL_CONVERSION = YES;
				CLANG_WARN_OBJC_ROOT_CLASS = YES_ERROR;
				CLANG_WARN_QUOTED_INCLUDE_IN_FRAMEWORK_HEADER = YES;
				CLANG_WARN_RANGE_LOOP_ANALYSIS = YES;
				CLANG_WARN_STRICT_PROTOTYPES = YES;
				CLANG_WARN_SUSPICIOUS_MOVE = YES;
				CLANG_WARN_UNGUARDED_AVAILABILITY = YES_AGGRESSIVE;
				CLANG_WARN_UNREACHABLE_CODE = YES;
				CLANG_WARN__DUPLICATE_METHOD_MATCH = YES;
				COPY_PHASE_STRIP = NO;
				DEBUG_INFORMATION_FORMAT = dwarf;
				ENABLE_STRICT_OBJC_MSGSEND = YES;
				ENABLE_TESTABILITY = YES;
				GCC_C_LANGUAGE_STANDARD = gnu11;
				GCC_DYNAMIC_NO_PIC = NO;
				GCC_NO_COMMON_BLOCKS = YES;
				GCC_OPTIMIZATION_LEVEL = 0;
				GCC_PREPROCESSOR_DEFINITIONS = (
					"DEBUG=1",
					"$(inherited)",
				);
				GCC_WARN_64_TO_32_BIT_CONVERSION = YES;
				GCC_WARN_ABOUT_RETURN_TYPE = YES_ERROR;
				GCC_WARN_UNDECLARED_SELECTOR = YES;
				GCC_WARN_UNINITIALIZED_AUTOS = YES_AGGRESSIVE;
				GCC_WARN_UNUSED_FUNCTION = YES;
				GCC_WARN_UNUSED_VARIABLE = YES;
				IPHONEOS_DEPLOYMENT_TARGET = 16.2;
				MTL_ENABLE_DEBUG_INFO = INCLUDE_SOURCE;
				MTL_FAST_MATH = YES;
				ONLY_ACTIVE_ARCH = YES;
				SDKROOT = iphoneos;
				SWIFT_ACTIVE_COMPILATION_CONDITIONS = DEBUG;
				SWIFT_OPTIMIZATION_LEVEL = "-Onone";
			};
			name = Debug;
		};
		E7A34AF329C8885300FE698C /* Release */ = {
			isa = XCBuildConfiguration;
			buildSettings = {
				ALWAYS_SEARCH_USER_PATHS = NO;
				CLANG_ANALYZER_NONNULL = YES;
				CLANG_ANALYZER_NUMBER_OBJECT_CONVERSION = YES_AGGRESSIVE;
				CLANG_CXX_LANGUAGE_STANDARD = "gnu++20";
				CLANG_ENABLE_MODULES = YES;
				CLANG_ENABLE_OBJC_ARC = YES;
				CLANG_ENABLE_OBJC_WEAK = YES;
				CLANG_WARN_BLOCK_CAPTURE_AUTORELEASING = YES;
				CLANG_WARN_BOOL_CONVERSION = YES;
				CLANG_WARN_COMMA = YES;
				CLANG_WARN_CONSTANT_CONVERSION = YES;
				CLANG_WARN_DEPRECATED_OBJC_IMPLEMENTATIONS = YES;
				CLANG_WARN_DIRECT_OBJC_ISA_USAGE = YES_ERROR;
				CLANG_WARN_DOCUMENTATION_COMMENTS = YES;
				CLANG_WARN_EMPTY_BODY = YES;
				CLANG_WARN_ENUM_CONVERSION = YES;
				CLANG_WARN_INFINITE_RECURSION = YES;
				CLANG_WARN_INT_CONVERSION = YES;
				CLANG_WARN_NON_LITERAL_NULL_CONVERSION = YES;
				CLANG_WARN_OBJC_IMPLICIT_RETAIN_SELF = YES;
				CLANG_WARN_OBJC_LITERAL_CONVERSION = YES;
				CLANG_WARN_OBJC_ROOT_CLASS = YES_ERROR;
				CLANG_WARN_QUOTED_INCLUDE_IN_FRAMEWORK_HEADER = YES;
				CLANG_WARN_RANGE_LOOP_ANALYSIS = YES;
				CLANG_WARN_STRICT_PROTOTYPES = YES;
				CLANG_WARN_SUSPICIOUS_MOVE = YES;
				CLANG_WARN_UNGUARDED_AVAILABILITY = YES_AGGRESSIVE;
				CLANG_WARN_UNREACHABLE_CODE = YES;
				CLANG_WARN__DUPLICATE_METHOD_MATCH = YES;
				COPY_PHASE_STRIP = NO;
				DEBUG_INFORMATION_FORMAT = "dwarf-with-dsym";
				ENABLE_NS_ASSERTIONS = NO;
				ENABLE_STRICT_OBJC_MSGSEND = YES;
				GCC_C_LANGUAGE_STANDARD = gnu11;
				GCC_NO_COMMON_BLOCKS = YES;
				GCC_WARN_64_TO_32_BIT_CONVERSION = YES;
				GCC_WARN_ABOUT_RETURN_TYPE = YES_ERROR;
				GCC_WARN_UNDECLARED_SELECTOR = YES;
				GCC_WARN_UNINITIALIZED_AUTOS = YES_AGGRESSIVE;
				GCC_WARN_UNUSED_FUNCTION = YES;
				GCC_WARN_UNUSED_VARIABLE = YES;
				IPHONEOS_DEPLOYMENT_TARGET = 16.2;
				MTL_ENABLE_DEBUG_INFO = NO;
				MTL_FAST_MATH = YES;
				SDKROOT = iphoneos;
				SWIFT_COMPILATION_MODE = wholemodule;
				SWIFT_OPTIMIZATION_LEVEL = "-O";
				VALIDATE_PRODUCT = YES;
			};
			name = Release;
		};
		E7A34AF529C8885300FE698C /* Debug */ = {
			isa = XCBuildConfiguration;
			buildSettings = {
				ASSETCATALOG_COMPILER_APPICON_NAME = AppIcon;
				ASSETCATALOG_COMPILER_GLOBAL_ACCENT_COLOR_NAME = AccentColor;
				CODE_SIGN_STYLE = Automatic;
				CURRENT_PROJECT_VERSION = 1;
				DEVELOPMENT_TEAM = 8B57LC8Q59;
				GENERATE_INFOPLIST_FILE = YES;
				INFOPLIST_FILE = "Pokemon-App/Info.plist";
				INFOPLIST_KEY_UIApplicationSupportsIndirectInputEvents = YES;
				INFOPLIST_KEY_UILaunchStoryboardName = LaunchScreen;
				INFOPLIST_KEY_UISupportedInterfaceOrientations_iPad = "UIInterfaceOrientationPortrait UIInterfaceOrientationPortraitUpsideDown UIInterfaceOrientationLandscapeLeft UIInterfaceOrientationLandscapeRight";
				INFOPLIST_KEY_UISupportedInterfaceOrientations_iPhone = "UIInterfaceOrientationPortrait UIInterfaceOrientationLandscapeLeft UIInterfaceOrientationLandscapeRight";
				LD_RUNPATH_SEARCH_PATHS = (
					"$(inherited)",
					"@executable_path/Frameworks",
				);
				MARKETING_VERSION = 1.0;
				PRODUCT_BUNDLE_IDENTIFIER = "kromatin.Pokemon-App";
				PRODUCT_NAME = "$(TARGET_NAME)";
				SWIFT_EMIT_LOC_STRINGS = YES;
				SWIFT_VERSION = 5.0;
				TARGETED_DEVICE_FAMILY = "1,2";
			};
			name = Debug;
		};
		E7A34AF629C8885300FE698C /* Release */ = {
			isa = XCBuildConfiguration;
			buildSettings = {
				ASSETCATALOG_COMPILER_APPICON_NAME = AppIcon;
				ASSETCATALOG_COMPILER_GLOBAL_ACCENT_COLOR_NAME = AccentColor;
				CODE_SIGN_STYLE = Automatic;
				CURRENT_PROJECT_VERSION = 1;
				DEVELOPMENT_TEAM = 8B57LC8Q59;
				GENERATE_INFOPLIST_FILE = YES;
				INFOPLIST_FILE = "Pokemon-App/Info.plist";
				INFOPLIST_KEY_UIApplicationSupportsIndirectInputEvents = YES;
				INFOPLIST_KEY_UILaunchStoryboardName = LaunchScreen;
				INFOPLIST_KEY_UISupportedInterfaceOrientations_iPad = "UIInterfaceOrientationPortrait UIInterfaceOrientationPortraitUpsideDown UIInterfaceOrientationLandscapeLeft UIInterfaceOrientationLandscapeRight";
				INFOPLIST_KEY_UISupportedInterfaceOrientations_iPhone = "UIInterfaceOrientationPortrait UIInterfaceOrientationLandscapeLeft UIInterfaceOrientationLandscapeRight";
				LD_RUNPATH_SEARCH_PATHS = (
					"$(inherited)",
					"@executable_path/Frameworks",
				);
				MARKETING_VERSION = 1.0;
				PRODUCT_BUNDLE_IDENTIFIER = "kromatin.Pokemon-App";
				PRODUCT_NAME = "$(TARGET_NAME)";
				SWIFT_EMIT_LOC_STRINGS = YES;
				SWIFT_VERSION = 5.0;
				TARGETED_DEVICE_FAMILY = "1,2";
			};
			name = Release;
		};
/* End XCBuildConfiguration section */

/* Begin XCConfigurationList section */
		E7A34ADB29C8885100FE698C /* Build configuration list for PBXProject "Pokemon-App" */ = {
			isa = XCConfigurationList;
			buildConfigurations = (
				E7A34AF229C8885300FE698C /* Debug */,
				E7A34AF329C8885300FE698C /* Release */,
			);
			defaultConfigurationIsVisible = 0;
			defaultConfigurationName = Release;
		};
		E7A34AF429C8885300FE698C /* Build configuration list for PBXNativeTarget "Pokemon-App" */ = {
			isa = XCConfigurationList;
			buildConfigurations = (
				E7A34AF529C8885300FE698C /* Debug */,
				E7A34AF629C8885300FE698C /* Release */,
			);
			defaultConfigurationIsVisible = 0;
			defaultConfigurationName = Release;
		};
/* End XCConfigurationList section */

/* Begin XCRemoteSwiftPackageReference section */
		E7A34B1329C8E61800FE698C /* XCRemoteSwiftPackageReference "SVGKit" */ = {
			isa = XCRemoteSwiftPackageReference;
			repositoryURL = "https://github.com/SVGKit/SVGKit.git";
			requirement = {
				kind = upToNextMajorVersion;
				minimumVersion = 3.0.0;
			};
		};
		E7B8F55929CBB428009CEA84 /* XCRemoteSwiftPackageReference "JGProgressHUD" */ = {
			isa = XCRemoteSwiftPackageReference;
			repositoryURL = "https://github.com/JonasGessner/JGProgressHUD";
			requirement = {
				branch = master;
				kind = branch;
			};
		};
/* End XCRemoteSwiftPackageReference section */

/* Begin XCSwiftPackageProductDependency section */
		E7A34B1429C8E61800FE698C /* SVGKit */ = {
			isa = XCSwiftPackageProductDependency;
			package = E7A34B1329C8E61800FE698C /* XCRemoteSwiftPackageReference "SVGKit" */;
			productName = SVGKit;
		};
		E7A34B1629C8E61800FE698C /* SVGKitSwift */ = {
			isa = XCSwiftPackageProductDependency;
			package = E7A34B1329C8E61800FE698C /* XCRemoteSwiftPackageReference "SVGKit" */;
			productName = SVGKitSwift;
		};
		E7B8F55A29CBB428009CEA84 /* JGProgressHUD */ = {
			isa = XCSwiftPackageProductDependency;
			package = E7B8F55929CBB428009CEA84 /* XCRemoteSwiftPackageReference "JGProgressHUD" */;
			productName = JGProgressHUD;
		};
/* End XCSwiftPackageProductDependency section */
	};
	rootObject = E7A34AD829C8885100FE698C /* Project object */;
}
